
Microsoft Visual Studio Solution File, Format Version 12.00
# Visual Studio Version 17
VisualStudioVersion = 17.8.34316.72
MinimumVisualStudioVersion = 10.0.40219.1
Project("{FAE04EC0-301F-11D3-BF4B-00C04F79EFBC}") = "DomainLayer", "DomainLayer\DomainLayer.csproj", "{A1907494-5ABF-4BFC-8142-9117A3B11238}"
EndProject
Project("{FAE04EC0-301F-11D3-BF4B-00C04F79EFBC}") = "ServiceLayer", "ServiceLayer\ServiceLayer.csproj", "{777E2FAB-CD15-491B-B5CD-A3B2073756E2}"
EndProject
Project("{FAE04EC0-301F-11D3-BF4B-00C04F79EFBC}") = "ServicesLayer.Test", "ServicesLayer.Test\ServicesLayer.Test.csproj", "{135A6006-36D0-4B99-AC19-F617672083B1}"
EndProject
Global
	GlobalSection(SolutionConfigurationPlatforms) = preSolution
		Debug|Any CPU = Debug|Any CPU
		Release|Any CPU = Release|Any CPU
	EndGlobalSection
	GlobalSection(ProjectConfigurationPlatforms) = postSolution
		{A1907494-5ABF-4BFC-8142-9117A3B11238}.Debug|Any CPU.ActiveCfg = Debug|Any CPU
		{A1907494-5ABF-4BFC-8142-9117A3B11238}.Debug|Any CPU.Build.0 = Debug|Any CPU
		{A1907494-5ABF-4BFC-8142-9117A3B11238}.Release|Any CPU.ActiveCfg = Release|Any CPU
		{A1907494-5ABF-4BFC-8142-9117A3B11238}.Release|Any CPU.Build.0 = Release|Any CPU
		{777E2FAB-CD15-491B-B5CD-A3B2073756E2}.Debug|Any CPU.ActiveCfg = Debug|Any CPU
		{777E2FAB-CD15-491B-B5CD-A3B2073756E2}.Debug|Any CPU.Build.0 = Debug|Any CPU
		{777E2FAB-CD15-491B-B5CD-A3B2073756E2}.Release|Any CPU.ActiveCfg = Release|Any CPU
		{777E2FAB-CD15-491B-B5CD-A3B2073756E2}.Release|Any CPU.Build.0 = Release|Any CPU
		{135A6006-36D0-4B99-AC19-F617672083B1}.Debug|Any CPU.ActiveCfg = Debug|Any CPU
		{135A6006-36D0-4B99-AC19-F617672083B1}.Debug|Any CPU.Build.0 = Debug|Any CPU
		{135A6006-36D0-4B99-AC19-F617672083B1}.Release|Any CPU.ActiveCfg = Release|Any CPU
		{135A6006-36D0-4B99-AC19-F617672083B1}.Release|Any CPU.Build.0 = Release|Any CPU
	EndGlobalSection
	GlobalSection(SolutionProperties) = preSolution
		HideSolutionNode = FALSE
	EndGlobalSection
	GlobalSection(ExtensibilityGlobals) = postSolution
		SolutionGuid = {057C1C6B-00FF-41A0-B843-DEB397B99AF3}
	EndGlobalSection
EndGlobal
